version = 1
requires-python = ">=3.12"

[[package]]
name = "asgiref"
version = "3.8.1"
source = { registry = "https://pypi.org/simple" }
sdist = { url = "https://files.pythonhosted.org/packages/29/38/b3395cc9ad1b56d2ddac9970bc8f4141312dbaec28bc7c218b0dfafd0f42/asgiref-3.8.1.tar.gz", hash = "sha256:c343bd80a0bec947a9860adb4c432ffa7db769836c64238fc34bdc3fec84d590", size = 35186 }
wheels = [
    { url = "https://files.pythonhosted.org/packages/39/e3/893e8757be2612e6c266d9bb58ad2e3651524b5b40cf56761e985a28b13e/asgiref-3.8.1-py3-none-any.whl", hash = "sha256:3e1e3ecc849832fe52ccf2cb6686b7a55f82bb1d6aee72a58826471390335e47", size = 23828 },
]

[[package]]
name = "django"
version = "5.1.6"
source = { registry = "https://pypi.org/simple" }
dependencies = [
    { name = "asgiref" },
    { name = "sqlparse" },
    { name = "tzdata", marker = "sys_platform == 'win32'" },
]
sdist = { url = "https://files.pythonhosted.org/packages/6d/e4/901f54ee114a080371a49bd08fa688d301aaffd9751febaf4ae855fc8fcd/Django-5.1.6.tar.gz", hash = "sha256:1e39eafdd1b185e761d9fab7a9f0b9fa00af1b37b25ad980a8aa0dac13535690", size = 10700620 }
wheels = [
    { url = "https://files.pythonhosted.org/packages/75/6f/d2c216d00975e2604b10940937b0ba6b2c2d9b3cc0cc633e414ae3f14b2e/Django-5.1.6-py3-none-any.whl", hash = "sha256:8d203400bc2952fbfb287c2bbda630297d654920c72a73cc82a9ad7926feaad5", size = 8277066 },
]

[[package]]
name = "django-allauth"
version = "65.4.0"
source = { registry = "https://pypi.org/simple" }
dependencies = [
    { name = "asgiref" },
    { name = "django" },
]
sdist = { url = "https://files.pythonhosted.org/packages/b4/f0/8aca7cc8c63b432565472e231ace2edfe3966304884f0ab106362e586ff8/django_allauth-65.4.0.tar.gz", hash = "sha256:1b6eb5d4a781a9a18dcd5ccf2bcae7ae542a56baea8e7b8f33a54c743cb54b0a", size = 1559056 }

[[package]]
name = "django-cors-headers"
version = "4.6.0"
source = { registry = "https://pypi.org/simple" }
dependencies = [
    { name = "asgiref" },
    { name = "django" },
]
sdist = { url = "https://files.pythonhosted.org/packages/c6/e5/3b67fc05b9c02b926411436dfc553829bc00843706ce7f99752433017f47/django_cors_headers-4.6.0.tar.gz", hash = "sha256:14d76b4b4c8d39375baeddd89e4f08899051eeaf177cb02a29bd6eae8cf63aa8", size = 20961 }
wheels = [
    { url = "https://files.pythonhosted.org/packages/52/73/689532cf164ab10ed1521d825ea156656520cec98886c8d2ac1ce8829220/django_cors_headers-4.6.0-py3-none-any.whl", hash = "sha256:8edbc0497e611c24d5150e0055d3b178c6534b8ed826fb6f53b21c63f5d48ba3", size = 12791 },
]

[[package]]
name = "django-crum"
version = "0.7.9"
source = { registry = "https://pypi.org/simple" }
dependencies = [
    { name = "django" },
]
sdist = { url = "https://files.pythonhosted.org/packages/34/1d/c56588f67130aeef8828e47535e8551337d2ae02f91f1414da61bc5e49fb/django-crum-0.7.9.tar.gz", hash = "sha256:65e9bc0f070a663fafc4d9e357f45fd4e6f01838b20a9e2fb7670f5706754288", size = 5168 }
wheels = [
    { url = "https://files.pythonhosted.org/packages/cd/f9/8fad70a3bd011a6be7c5c6067278f006a25341eb39d901fbda307e26804c/django_crum-0.7.9-py2.py3-none-any.whl", hash = "sha256:037cc8b822975bb1d41cd24269b59a512cc77448fadc3f34ab9a17b229b4b471", size = 4714 },
]

[[package]]
name = "djangorestframework"
version = "3.15.2"
source = { registry = "https://pypi.org/simple" }
dependencies = [
    { name = "django" },
]
sdist = { url = "https://files.pythonhosted.org/packages/2c/ce/31482eb688bdb4e271027076199e1aa8d02507e530b6d272ab8b4481557c/djangorestframework-3.15.2.tar.gz", hash = "sha256:36fe88cd2d6c6bec23dca9804bab2ba5517a8bb9d8f47ebc68981b56840107ad", size = 1067420 }
wheels = [
    { url = "https://files.pythonhosted.org/packages/7c/b6/fa99d8f05eff3a9310286ae84c4059b08c301ae4ab33ae32e46e8ef76491/djangorestframework-3.15.2-py3-none-any.whl", hash = "sha256:2b8871b062ba1aefc2de01f773875441a961fefbf79f5eed1e32b2f096944b20", size = 1071235 },
]

[[package]]
name = "kiwi"
version = "0.1.0"
source = { virtual = "." }
dependencies = [
    { name = "django" },
    { name = "django-allauth" },
    { name = "django-cors-headers" },
    { name = "django-crum" },
    { name = "djangorestframework" },
    { name = "psycopg", extra = ["binary"] },
    { name = "uuid-utils" },
]

[package.metadata]
requires-dist = [
    { name = "django", specifier = ">=5.1.6" },
    { name = "django-allauth", specifier = ">=65.4.0" },
    { name = "django-cors-headers", specifier = ">=4.6.0" },
    { name = "django-crum", specifier = ">=0.7.9" },
    { name = "djangorestframework", specifier = ">=3.15.2" },
    { name = "psycopg", extras = ["binary"], specifier = ">=3.2.4" },
    { name = "uuid-utils", specifier = ">=0.10.0" },
]

[[package]]
name = "psycopg"
version = "3.2.4"
source = { registry = "https://pypi.org/simple" }
dependencies = [
    { name = "typing-extensions", marker = "python_full_version < '3.13'" },
    { name = "tzdata", marker = "sys_platform == 'win32'" },
]
sdist = { url = "https://files.pythonhosted.org/packages/e0/f2/954b1467b3e2ca5945b83b5e320268be1f4df486c3e8ffc90f4e4b707979/psycopg-3.2.4.tar.gz", hash = "sha256:f26f1346d6bf1ef5f5ef1714dd405c67fb365cfd1c6cea07de1792747b167b92", size = 156109 }
wheels = [
    { url = "https://files.pythonhosted.org/packages/40/49/15114d5f7ee68983f4e1a24d47e75334568960352a07c6f0e796e912685d/psycopg-3.2.4-py3-none-any.whl", hash = "sha256:43665368ccd48180744cab26b74332f46b63b7e06e8ce0775547a3533883d381", size = 198716 },
]

[package.optional-dependencies]
binary = [
    { name = "psycopg-binary", marker = "implementation_name != 'pypy'" },
]

[[package]]
name = "psycopg-binary"
version = "3.2.4"
source = { registry = "https://pypi.org/simple" }
wheels = [
    { url = "https://files.pythonhosted.org/packages/48/f8/f30cf36bc9bc672894413f10f0498d5e81b0813c87f1b963d85e7c5cc9f1/psycopg_binary-3.2.4-cp312-cp312-macosx_10_13_x86_64.whl", hash = "sha256:3ac24b3d421127ebe8662eba2c1e149a12f0f5b6795e66c1811a3f59111456bb", size = 3852023 },
    { url = "https://files.pythonhosted.org/packages/2f/23/88a265ca4a35def6f53cb239e352bf52f01ea418f57f4272b3913ecd6fd2/psycopg_binary-3.2.4-cp312-cp312-macosx_11_0_arm64.whl", hash = "sha256:f702f36204127984dd212eb57bb328676abdfe8a56f179e408a806d5e520aa11", size = 3935919 },
    { url = "https://files.pythonhosted.org/packages/0f/2b/2ac3456208c255a6fad9fec4fea0e411e34a0b4b0ecd1e60c0ba36fb78c4/psycopg_binary-3.2.4-cp312-cp312-manylinux_2_17_aarch64.manylinux2014_aarch64.whl", hash = "sha256:610cd2013ee0849154fcff34b0cca17f720c91c7430ca094a61f1e5ff1d38e15", size = 4493108 },
    { url = "https://files.pythonhosted.org/packages/55/f5/725b786b7cf1b91f1afbe03545f0b14857c0a5cc03b4f8a6735ec289ff89/psycopg_binary-3.2.4-cp312-cp312-manylinux_2_17_i686.manylinux2014_i686.whl", hash = "sha256:95da59edd95f6b6488799c9710fafc2d5750e3ec6328ec991f7a9be04efe6886", size = 4300141 },
    { url = "https://files.pythonhosted.org/packages/09/80/72b3a1ec912b8be51e6af858fcd2a016d25145aca400e75bba6ab91025c4/psycopg_binary-3.2.4-cp312-cp312-manylinux_2_17_ppc64le.manylinux2014_ppc64le.whl", hash = "sha256:b71e98e3186f08473962e1ea4bfbc4387ecc398644b794cb112ad0a4276e3789", size = 4540559 },
    { url = "https://files.pythonhosted.org/packages/0b/8e/6cd6643f04e033bcdab008d5175c9356ade1eecff53fa4558d383dd9866c/psycopg_binary-3.2.4-cp312-cp312-manylinux_2_17_x86_64.manylinux2014_x86_64.whl", hash = "sha256:3ccf4f71c3a0d46bc74207bf7997f010a6586414161dd10f3dd026ec059942ef", size = 4253687 },
    { url = "https://files.pythonhosted.org/packages/85/47/50d93bef98d32eba1f7b95e3c4e671a7f59b1d0b9ed01fdb43e951d6012b/psycopg_binary-3.2.4-cp312-cp312-musllinux_1_2_aarch64.whl", hash = "sha256:244e1dd33b694792b7bc7a3d412a535ba39116218b07d8936b4591567f4121e9", size = 3842084 },
    { url = "https://files.pythonhosted.org/packages/2e/a0/2cf0dda5634d14219a24c05bc85cb928a5b2ea29684d167aebc974df016c/psycopg_binary-3.2.4-cp312-cp312-musllinux_1_2_i686.whl", hash = "sha256:f8dc8f4de5130c6278dd5e34b18ad8324a74658a7adb72d4e67ca97f9aeaaf3c", size = 3315357 },
    { url = "https://files.pythonhosted.org/packages/14/65/13b3dd91dd62f6e4ee3cb00bd24ab60a251592c03a8fb090c28057f21e38/psycopg_binary-3.2.4-cp312-cp312-musllinux_1_2_ppc64le.whl", hash = "sha256:c336e58a48061a9189d3ba8c19f00fe5d9570219e6f7f954b923ad5c33e5bc71", size = 3394512 },
    { url = "https://files.pythonhosted.org/packages/07/cc/90b5307ff833892c8985aefd73c1894b1a9d8b5df4965650e95636ba8161/psycopg_binary-3.2.4-cp312-cp312-musllinux_1_2_x86_64.whl", hash = "sha256:9633c5dc6796d11766d2475e62335b67e5f99f119f40ba1675c1d23208d7709d", size = 3431893 },
    { url = "https://files.pythonhosted.org/packages/40/dc/5ab8fec2fc2e0599fd7a60abe046c853477bbb7cd978b818f795c5423848/psycopg_binary-3.2.4-cp312-cp312-win_amd64.whl", hash = "sha256:295c25e56b430d786a475c5c2cef266b0b27c0a6fcaadf9d83a4cdcfb76f971f", size = 2778464 },
    { url = "https://files.pythonhosted.org/packages/25/e2/f56675aada063762f08559b6969e47e1313f269fc1682c16457c13da8186/psycopg_binary-3.2.4-cp313-cp313-macosx_10_13_x86_64.whl", hash = "sha256:81ab801c0d35830c876bf0d1edc8e7dd2f73aa2b04fe24eb812159c0b054d149", size = 3846854 },
    { url = "https://files.pythonhosted.org/packages/7b/8b/8c4a66b2b3db494367df0299535b7d2df78f303334228c517b8d00c411d5/psycopg_binary-3.2.4-cp313-cp313-macosx_11_0_arm64.whl", hash = "sha256:c09e02ce1124eb6638b3381df050a8cf88aedfad4522f939945cda49050a990c", size = 3932292 },
    { url = "https://files.pythonhosted.org/packages/84/e8/618d45f77cebce73d75497c95685a0902aea3783386d9335ce486c69e13a/psycopg_binary-3.2.4-cp313-cp313-manylinux_2_17_aarch64.manylinux2014_aarch64.whl", hash = "sha256:a249cdc6a5c2b5088a8677acba66b291e5237524739ab3d27498e1ef189312f5", size = 4493785 },
    { url = "https://files.pythonhosted.org/packages/c4/87/fc30318e6b97e723e017e7dc88d0f721bbfb749de1a6e414e52d4ac54c9a/psycopg_binary-3.2.4-cp313-cp313-manylinux_2_17_i686.manylinux2014_i686.whl", hash = "sha256:d2960ba8a5c0ad75e184f6d8bf76bdf023708999efe75fe4e13445136c1cd206", size = 4304874 },
    { url = "https://files.pythonhosted.org/packages/91/30/1d127e651c21cd77befaf361c7c3b9001bfff51ac38027e8fce598ba0701/psycopg_binary-3.2.4-cp313-cp313-manylinux_2_17_ppc64le.manylinux2014_ppc64le.whl", hash = "sha256:3dae2e50b0d3425c167eebbedc3553f7c811dbc0dbfc737b6877f68a03be7daf", size = 4541296 },
    { url = "https://files.pythonhosted.org/packages/0d/5e/22c824cb38745c1c744cec85d227190727c564afb75960ce0057ca15fd84/psycopg_binary-3.2.4-cp313-cp313-manylinux_2_17_x86_64.manylinux2014_x86_64.whl", hash = "sha256:03bf7ee7e0002c2cce43ecb923ec510358056eb2e44a96afaeb0424518f35206", size = 4255756 },
    { url = "https://files.pythonhosted.org/packages/b3/83/ae8783dec3f7e39df8a4056e4d383926ffec531970c0b415d48d9fd4a2c2/psycopg_binary-3.2.4-cp313-cp313-musllinux_1_2_aarch64.whl", hash = "sha256:5f5c85eeb63b1a8a6b026eef57f5da36ff215ce9a6a3bb8e20a409670d6cfbda", size = 3845918 },
    { url = "https://files.pythonhosted.org/packages/be/f7/fb7bffb0c4c45a5a82fe324e4f7b176075a4c5372e546a038858dd13c7ab/psycopg_binary-3.2.4-cp313-cp313-musllinux_1_2_i686.whl", hash = "sha256:8c7b95899d4d6d23c5cc46cb3419e8e6ca68d867509432ee1487042564a1ea55", size = 3315429 },
    { url = "https://files.pythonhosted.org/packages/81/a3/29f4993a239d6a3fb18ef8681d9990c007f5f73bdd2e21f65f07ac55ad6f/psycopg_binary-3.2.4-cp313-cp313-musllinux_1_2_ppc64le.whl", hash = "sha256:fa4acea9ca20a567c3872a5afab2084751530bb57b8fb6b52820d5c54e7c8c3b", size = 3399388 },
    { url = "https://files.pythonhosted.org/packages/25/5b/925171cbfa2e3d1ccb7f4c005d0d5db609ba796c1d08a23c42825b09c554/psycopg_binary-3.2.4-cp313-cp313-musllinux_1_2_x86_64.whl", hash = "sha256:5c487f35a1905bb15da927c1fc05f70f3d29f0e21fb4ba21d360a0da9c755f20", size = 3436702 },
    { url = "https://files.pythonhosted.org/packages/b6/47/25b2b85b8fcabf99bfa92b4b0d587894c01576bf0b2bf137c243d1eb1070/psycopg_binary-3.2.4-cp313-cp313-win_amd64.whl", hash = "sha256:80297c3a9f7b5a6afdb0d8f220661ccd796e5c9128c44b32c41267f7daefd37f", size = 2779196 },
]

[[package]]
name = "sqlparse"
version = "0.5.3"
source = { registry = "https://pypi.org/simple" }
sdist = { url = "https://files.pythonhosted.org/packages/e5/40/edede8dd6977b0d3da179a342c198ed100dd2aba4be081861ee5911e4da4/sqlparse-0.5.3.tar.gz", hash = "sha256:09f67787f56a0b16ecdbde1bfc7f5d9c3371ca683cfeaa8e6ff60b4807ec9272", size = 84999 }
wheels = [
    { url = "https://files.pythonhosted.org/packages/a9/5c/bfd6bd0bf979426d405cc6e71eceb8701b148b16c21d2dc3c261efc61c7b/sqlparse-0.5.3-py3-none-any.whl", hash = "sha256:cf2196ed3418f3ba5de6af7e82c694a9fbdbfecccdfc72e281548517081f16ca", size = 44415 },
]

[[package]]
name = "typing-extensions"
version = "4.12.2"
source = { registry = "https://pypi.org/simple" }
sdist = { url = "https://files.pythonhosted.org/packages/df/db/f35a00659bc03fec321ba8bce9420de607a1d37f8342eee1863174c69557/typing_extensions-4.12.2.tar.gz", hash = "sha256:1a7ead55c7e559dd4dee8856e3a88b41225abfe1ce8df57b7c13915fe121ffb8", size = 85321 }
wheels = [
    { url = "https://files.pythonhosted.org/packages/26/9f/ad63fc0248c5379346306f8668cda6e2e2e9c95e01216d2b8ffd9ff037d0/typing_extensions-4.12.2-py3-none-any.whl", hash = "sha256:04e5ca0351e0f3f85c6853954072df659d0d13fac324d0072316b67d7794700d", size = 37438 },
]

[[package]]
name = "tzdata"
version = "2025.1"
source = { registry = "https://pypi.org/simple" }
sdist = { url = "https://files.pythonhosted.org/packages/43/0f/fa4723f22942480be4ca9527bbde8d43f6c3f2fe8412f00e7f5f6746bc8b/tzdata-2025.1.tar.gz", hash = "sha256:24894909e88cdb28bd1636c6887801df64cb485bd593f2fd83ef29075a81d694", size = 194950 }
wheels = [
    { url = "https://files.pythonhosted.org/packages/0f/dd/84f10e23edd882c6f968c21c2434fe67bd4a528967067515feca9e611e5e/tzdata-2025.1-py2.py3-none-any.whl", hash = "sha256:7e127113816800496f027041c570f50bcd464a020098a3b6b199517772303639", size = 346762 },
]

[[package]]
name = "uuid-utils"
version = "0.10.0"
source = { registry = "https://pypi.org/simple" }
sdist = { url = "https://files.pythonhosted.org/packages/66/0a/cbdb2eb4845dafeb632d02a18f47b02f87f2ce4f25266f5e3c017976ce89/uuid_utils-0.10.0.tar.gz", hash = "sha256:5db0e1890e8f008657ffe6ded4d9459af724ab114cfe82af1557c87545301539", size = 18828 }
wheels = [
    { url = "https://files.pythonhosted.org/packages/44/54/9d22fa16b19e5d1676eba510f08a9c458d96e2a62ff2c8ebad64251afb18/uuid_utils-0.10.0-cp39-abi3-macosx_10_12_x86_64.macosx_11_0_arm64.macosx_10_12_universal2.whl", hash = "sha256:8d5a4508feefec62456cd6a41bcdde458d56827d908f226803b886d22a3d5e63", size = 573006 },
    { url = "https://files.pythonhosted.org/packages/08/8e/f895c6e52aa603e521fbc13b8626ba5dd99b6e2f5a55aa96ba5b232f4c53/uuid_utils-0.10.0-cp39-abi3-macosx_10_12_x86_64.whl", hash = "sha256:dbefc2b9113f9dfe56bdae58301a2b3c53792221410d422826f3d1e3e6555fe7", size = 292543 },
    { url = "https://files.pythonhosted.org/packages/b6/58/cc4834f377a5e97d6e184408ad96d13042308de56643b6e24afe1f6f34df/uuid_utils-0.10.0-cp39-abi3-manylinux_2_17_aarch64.manylinux2014_aarch64.whl", hash = "sha256:ffc49c33edf87d1ec8112a9b43e4cf55326877716f929c165a2cc307d31c73d5", size = 323340 },
    { url = "https://files.pythonhosted.org/packages/37/e3/6aeddf148f6a7dd7759621b000e8c85382ec83f52ae79b60842d1dc3ab6b/uuid_utils-0.10.0-cp39-abi3-manylinux_2_17_armv7l.manylinux2014_armv7l.whl", hash = "sha256:0636b6208f69d5a4e629707ad2a89a04dfa8d1023e1999181f6830646ca048a1", size = 329653 },
    { url = "https://files.pythonhosted.org/packages/0c/00/dd6c2164ace70b7b1671d9129267df331481d7d1e5f9c5e6a564f07953f6/uuid_utils-0.10.0-cp39-abi3-manylinux_2_17_ppc64le.manylinux2014_ppc64le.whl", hash = "sha256:7bc06452856b724df9dedfc161c3582199547da54aeb81915ec2ed54f92d19b0", size = 365471 },
    { url = "https://files.pythonhosted.org/packages/b4/e7/0ab8080fcae5462a7b5e555c1cef3d63457baffb97a59b9bc7b005a3ecb1/uuid_utils-0.10.0-cp39-abi3-manylinux_2_17_x86_64.manylinux2014_x86_64.whl", hash = "sha256:263b2589111c61decdd74a762e8f850c9e4386fb78d2cf7cb4dfc537054cda1b", size = 325844 },
    { url = "https://files.pythonhosted.org/packages/73/39/52d94e9ef75b03f44b39ffc6ac3167e93e74ef4d010a93d25589d9f48540/uuid_utils-0.10.0-cp39-abi3-manylinux_2_5_i686.manylinux1_i686.whl", hash = "sha256:a558db48b7096de6b4d2d2210d82bba8586a6d55f99106b03bb7d01dc5c5bcd6", size = 344389 },
    { url = "https://files.pythonhosted.org/packages/7c/29/4824566f62666238290d99c62a58e4ab2a8b9cf2eccf94cebd9b3359131e/uuid_utils-0.10.0-cp39-abi3-musllinux_1_2_aarch64.whl", hash = "sha256:807465067f3c892514230326ac71a79b28a8dfe2c88ecd2d5675fc844f3c76b5", size = 510078 },
    { url = "https://files.pythonhosted.org/packages/5e/8f/bbcc7130d652462c685f0d3bd26bb214b754215b476340885a4cb50fb89a/uuid_utils-0.10.0-cp39-abi3-musllinux_1_2_i686.whl", hash = "sha256:57423d4a2b9d7b916de6dbd75ba85465a28f9578a89a97f7d3e098d9aa4e5d4a", size = 515937 },
    { url = "https://files.pythonhosted.org/packages/23/f8/34e0c00f5f188604d336713e6a020fcf53b10998e8ab24735a39ab076740/uuid_utils-0.10.0-cp39-abi3-musllinux_1_2_x86_64.whl", hash = "sha256:76d8d660f18ff6b767e319b1b5f927350cd92eafa4831d7ef5b57fdd1d91f974", size = 494111 },
    { url = "https://files.pythonhosted.org/packages/1a/52/b7f0066cc90a7a9c28d54061ed195cd617fde822e5d6ac3ccc88509c3c44/uuid_utils-0.10.0-cp39-abi3-win32.whl", hash = "sha256:6c11a71489338837db0b902b75e1ba7618d5d29f05fde4f68b3f909177dbc226", size = 173520 },
    { url = "https://files.pythonhosted.org/packages/8b/15/f04f58094674d333974243fb45d2c740cf4b79186fb707168e57943c84a3/uuid_utils-0.10.0-cp39-abi3-win_amd64.whl", hash = "sha256:11c55ae64f6c0a7a0c741deae8ca2a4eaa11e9c09dbb7bec2099635696034cf7", size = 182965 },
]
